
Microsoft Visual Studio Solution File, Format Version 12.00
# Visual Studio Version 16
VisualStudioVersion = 16.0.29806.167
MinimumVisualStudioVersion = 10.0.40219.1
Project("{9A19103F-16F7-4668-BE54-9A1E7A4F7556}") = "UsbScraps", "UsbScraps\UsbScraps.csproj", "{28A9416B-2B6E-4B18-ADBC-724B0C19B933}"
EndProject
Project("{FAE04EC0-301F-11D3-BF4B-00C04F79EFBC}") = "HardwareKey", "HardwareKey\HardwareKey.csproj", "{C91F9DF8-46B9-4900-BFA9-CC293BF1108B}"
EndProject
Global
	GlobalSection(SolutionConfigurationPlatforms) = preSolution
		Debug|Any CPU = Debug|Any CPU
		Release|Any CPU = Release|Any CPU
	EndGlobalSection
	GlobalSection(ProjectConfigurationPlatforms) = postSolution
		{28A9416B-2B6E-4B18-ADBC-724B0C19B933}.Debug|Any CPU.ActiveCfg = Debug|Any CPU
		{28A9416B-2B6E-4B18-ADBC-724B0C19B933}.Debug|Any CPU.Build.0 = Debug|Any CPU
		{28A9416B-2B6E-4B18-ADBC-724B0C19B933}.Release|Any CPU.ActiveCfg = Release|Any CPU
		{28A9416B-2B6E-4B18-ADBC-724B0C19B933}.Release|Any CPU.Build.0 = Release|Any CPU
		{C91F9DF8-46B9-4900-BFA9-CC293BF1108B}.Debug|Any CPU.ActiveCfg = Debug|Any CPU
		{C91F9DF8-46B9-4900-BFA9-CC293BF1108B}.Debug|Any CPU.Build.0 = Debug|Any CPU
		{C91F9DF8-46B9-4900-BFA9-CC293BF1108B}.Release|Any CPU.ActiveCfg = Release|Any CPU
		{C91F9DF8-46B9-4900-BFA9-CC293BF1108B}.Release|Any CPU.Build.0 = Release|Any CPU
	EndGlobalSection
	GlobalSection(SolutionProperties) = preSolution
		HideSolutionNode = FALSE
	EndGlobalSection
	GlobalSection(ExtensibilityGlobals) = postSolution
		SolutionGuid = {E0D1480A-02B3-43FE-B907-7B3FFDBCFE61}
	EndGlobalSection
EndGlobal
